<?xml version="1.0" encoding="utf-8"?>
<Project ToolsVersion="4.0" xmlns="http://schemas.microsoft.com/developer/msbuild/2003">
  <ItemGroup>
    <Filter Include="Source Files">
      <UniqueIdentifier>{4FC737F1-C7A5-4376-A066-2A32D752A2FF}</UniqueIdentifier>
      <Extensions>cpp;c;cc;cxx;def;odl;idl;hpj;bat;asm;asmx</Extensions>
    </Filter>
    <Filter Include="Header Files">
      <UniqueIdentifier>{93995380-89BD-4b04-88EB-625FBE52EBFB}</UniqueIdentifier>
      <Extensions>h;hpp;hxx;hm;inl;inc;xsd</Extensions>
    </Filter>
    <Filter Include="Header Files\Resource Files">
      <UniqueIdentifier>{67DA6AB6-F800-4c08-8B7A-83BB121AAD01}</UniqueIdentifier>
      <Extensions>rc;ico;cur;bmp;dlg;rc2;rct;bin;rgs;gif;jpg;jpeg;jpe;resx;tiff;tif;png;wav</Extensions>
    </Filter>
  </ItemGroup>
  <ItemGroup>
    <ClCompile Include="fileOper.cpp">
      <Filter>Source Files</Filter>
    </ClCompile>
    <ClCompile Include="function.cpp">
      <Filter>Source Files</Filter>
    </ClCompile>
    <ClCompile Include="myFrame.cpp">
      <Filter>Source Files</Filter>
    </ClCompile>
    <ClCompile Include="myLog.cpp">
      <Filter>Source Files</Filter>
    </ClCompile>
    <ClCompile Include="operFactory.cpp">
      <Filter>Source Files</Filter>
    </ClCompile>
    <ClCompile Include="stdafx.cpp">
      <Filter>Source Files</Filter>
    </ClCompile>
    <ClCompile Include="threadOper.cpp">
      <Filter>Source Files</Filter>
    </ClCompile>
    <ClCompile Include="TransCode.cpp">
      <Filter>Source Files</Filter>
    </ClCompile>
    <ClCompile Include="transOper.cpp">
      <Filter>Source Files</Filter>
    </ClCompile>
    <ClCompile Include="UTF8FileOper.cpp">
      <Filter>Source Files</Filter>
    </ClCompile>
    <ClCompile Include="UnicodeFileOper.cpp">
      <Filter>Source Files</Filter>
    </ClCompile>
    <ClCompile Include="UnicodeToUTF8Oper.cpp">
      <Filter>Source Files</Filter>
    </ClCompile>
    <ClCompile Include="UTF8ToUnicodeOper.cpp">
      <Filter>Source Files</Filter>
    </ClCompile>
  </ItemGroup>
  <ItemGroup>
    <ClInclude Include="fileOper.h">
      <Filter>Header Files</Filter>
    </ClInclude>
    <ClInclude Include="function.h">
      <Filter>Header Files</Filter>
    </ClInclude>
    <ClInclude Include="myFrame.h">
      <Filter>Header Files</Filter>
    </ClInclude>
    <ClInclude Include="myLog.h">
      <Filter>Header Files</Filter>
    </ClInclude>
    <ClInclude Include="operFactory.h">
      <Filter>Header Files</Filter>
    </ClInclude>
    <ClInclude Include="Resource.h">
      <Filter>Header Files</Filter>
    </ClInclude>
    <ClInclude Include="stdafx.h">
      <Filter>Header Files</Filter>
    </ClInclude>
    <ClInclude Include="targetver.h">
      <Filter>Header Files</Filter>
    </ClInclude>
    <ClInclude Include="threadOper.h">
      <Filter>Header Files</Filter>
    </ClInclude>
    <ClInclude Include="TransCode.h">
      <Filter>Header Files</Filter>
    </ClInclude>
    <ClInclude Include="transOper.h">
      <Filter>Header Files</Filter>
    </ClInclude>
    <ClInclude Include="UTF8FileOper.h">
      <Filter>Header Files</Filter>
    </ClInclude>
    <ClInclude Include="UnicodeFileOper.h">
      <Filter>Header Files</Filter>
    </ClInclude>
    <ClInclude Include="UnicodeToUTF8Oper.h">
      <Filter>Header Files</Filter>
    </ClInclude>
    <ClInclude Include="UTF8ToUnicodeOper.h">
      <Filter>Header Files</Filter>
    </ClInclude>
  </ItemGroup>
  <ItemGroup>
    <None Include="res\TransCode.ico">
      <Filter>Header Files\Resource Files</Filter>
    </None>
    <None Include="res\TransCode.rc2">
      <Filter>Header Files\Resource Files</Filter>
    </None>
    <None Include="ReadMe.txt" />
  </ItemGroup>
  <ItemGroup>
    <ResourceCompile Include="TransCode.rc">
      <Filter>Header Files\Resource Files</Filter>
    </ResourceCompile>
  </ItemGroup>
</Project>